
Microsoft Visual Studio Solution File, Format Version 12.00
# Visual Studio Version 17
VisualStudioVersion = 17.5.33414.496
MinimumVisualStudioVersion = 10.0.40219.1
Project("{9A19103F-16F7-4668-BE54-9A1E7A4F7556}") = "BlazorWebApp", "BlazorWebApp\BlazorWebApp.csproj", "{3EC0B8D5-0179-4DE0-81B0-30499C59B167}"
EndProject
Project("{9A19103F-16F7-4668-BE54-9A1E7A4F7556}") = "ChinookSystem", "ChinookSystem\ChinookSystem.csproj", "{A28B081B-D41A-4283-9188-2C004AECA7AA}"
EndProject
Global
	GlobalSection(SolutionConfigurationPlatforms) = preSolution
		Debug|Any CPU = Debug|Any CPU
		Release|Any CPU = Release|Any CPU
	EndGlobalSection
	GlobalSection(ProjectConfigurationPlatforms) = postSolution
		{3EC0B8D5-0179-4DE0-81B0-30499C59B167}.Debug|Any CPU.ActiveCfg = Debug|Any CPU
		{3EC0B8D5-0179-4DE0-81B0-30499C59B167}.Debug|Any CPU.Build.0 = Debug|Any CPU
		{3EC0B8D5-0179-4DE0-81B0-30499C59B167}.Release|Any CPU.ActiveCfg = Release|Any CPU
		{3EC0B8D5-0179-4DE0-81B0-30499C59B167}.Release|Any CPU.Build.0 = Release|Any CPU
		{A28B081B-D41A-4283-9188-2C004AECA7AA}.Debug|Any CPU.ActiveCfg = Debug|Any CPU
		{A28B081B-D41A-4283-9188-2C004AECA7AA}.Debug|Any CPU.Build.0 = Debug|Any CPU
		{A28B081B-D41A-4283-9188-2C004AECA7AA}.Release|Any CPU.ActiveCfg = Release|Any CPU
		{A28B081B-D41A-4283-9188-2C004AECA7AA}.Release|Any CPU.Build.0 = Release|Any CPU
	EndGlobalSection
	GlobalSection(SolutionProperties) = preSolution
		HideSolutionNode = FALSE
	EndGlobalSection
	GlobalSection(ExtensibilityGlobals) = postSolution
		SolutionGuid = {DAC23569-38D7-4302-86AA-5A244F22E20D}
	EndGlobalSection
EndGlobal
